
Microsoft Visual Studio Solution File, Format Version 12.00
# Visual Studio Version 17
VisualStudioVersion = 17.10.35122.118
MinimumVisualStudioVersion = 10.0.40219.1
Project("{9A19103F-16F7-4668-BE54-9A1E7A4F7556}") = "CakeShopProject.Domain", "CakeShopProject.Domain\CakeShopProject.Domain.csproj", "{932AFE48-4254-44F6-9C6B-313DFBF9177D}"
EndProject
Project("{FAE04EC0-301F-11D3-BF4B-00C04F79EFBC}") = "CakeShopProject.Data", "CakeShopProject.Data\CakeShopProject.Data.csproj", "{6B71714F-ECDB-4CE6-8E09-F6EDF7A7C5C1}"
EndProject
Global
	GlobalSection(SolutionConfigurationPlatforms) = preSolution
		Debug|Any CPU = Debug|Any CPU
		Release|Any CPU = Release|Any CPU
	EndGlobalSection
	GlobalSection(ProjectConfigurationPlatforms) = postSolution
		{932AFE48-4254-44F6-9C6B-313DFBF9177D}.Debug|Any CPU.ActiveCfg = Debug|Any CPU
		{932AFE48-4254-44F6-9C6B-313DFBF9177D}.Debug|Any CPU.Build.0 = Debug|Any CPU
		{932AFE48-4254-44F6-9C6B-313DFBF9177D}.Release|Any CPU.ActiveCfg = Release|Any CPU
		{932AFE48-4254-44F6-9C6B-313DFBF9177D}.Release|Any CPU.Build.0 = Release|Any CPU
		{6B71714F-ECDB-4CE6-8E09-F6EDF7A7C5C1}.Debug|Any CPU.ActiveCfg = Debug|Any CPU
		{6B71714F-ECDB-4CE6-8E09-F6EDF7A7C5C1}.Debug|Any CPU.Build.0 = Debug|Any CPU
		{6B71714F-ECDB-4CE6-8E09-F6EDF7A7C5C1}.Release|Any CPU.ActiveCfg = Release|Any CPU
		{6B71714F-ECDB-4CE6-8E09-F6EDF7A7C5C1}.Release|Any CPU.Build.0 = Release|Any CPU
	EndGlobalSection
	GlobalSection(SolutionProperties) = preSolution
		HideSolutionNode = FALSE
	EndGlobalSection
	GlobalSection(ExtensibilityGlobals) = postSolution
		SolutionGuid = {373D0470-E790-46F6-9CCF-8D3BEA461E89}
	EndGlobalSection
EndGlobal
